hash: 10549439922f4cb7ff7d2823690c5b30a3d6cf90390f9762c9948e89847b7282
updated: 2016-08-07T21:26:36.761211701-04:00
imports:
- name: github.com/codegangsta/negroni
  version: c7477ad8e330bef55bf1ebe300cf8aa67c492d1b
  repo: https://github.com/codegangsta/negroni
- name: github.com/gchaincl/dotsql
  version: f21b16f244b93aebdc1e259b998361eee9c69267
  repo: https://github.com/gchaincl/dotsql
- name: github.com/jteeuwen/go-pkg-rss
  version: 5576b8d83ed75cbb4bc43ef18c07414f880b3472
  repo: https://github.com/jteeuwen/go-pkg-rss
- name: github.com/jteeuwen/go-pkg-xmlx
  version: cf505b97c711dd1c5a4682f68ea04dd35e385b8f
  repo: https://github.com/jteeuwen/go-pkg-xmlx
- name: github.com/julienschmidt/httprouter
  version: 8c199fb6259ffc1af525cc3ad52ee60ba8359669
  repo: https://github.com/julienschmidt/httprouter
- name: github.com/mattn/go-sqlite3
  version: 542ae647f8601bafd96233961b150cae198e0295
  repo: https://github.com/mattn/go-sqlite3
devImports: []
