hash: 3b2cf21c5c339b5ce51c8b46679b428a2c0544e3737b2251a04db830c56a170c
updated: 2016-08-07T21:49:18.419841091-04:00
imports:
- name: github.com/codegangsta/negroni
  version: c7477ad8e330bef55bf1ebe300cf8aa67c492d1b
  repo: https://github.com/codegangsta/negroni
- name: github.com/jinzhu/gorm
  version: a646b13548ec0aa812fe805b2780f460dd2771b6
- name: github.com/jteeuwen/go-pkg-rss
  version: 5576b8d83ed75cbb4bc43ef18c07414f880b3472
  repo: https://github.com/jteeuwen/go-pkg-rss
- name: github.com/jteeuwen/go-pkg-xmlx
  version: cf505b97c711dd1c5a4682f68ea04dd35e385b8f
  repo: https://github.com/jteeuwen/go-pkg-xmlx
- name: github.com/julienschmidt/httprouter
  version: 8c199fb6259ffc1af525cc3ad52ee60ba8359669
  repo: https://github.com/julienschmidt/httprouter
- name: github.com/mattn/go-sqlite3
  version: 542ae647f8601bafd96233961b150cae198e0295
  repo: https://github.com/mattn/go-sqlite3
devImports: []
